// !$*UTF8*$!
{
	archiveVersion = 1;
	classes = {
	};
	objectVersion = 50;
	objects = {

/* Begin PBXBuildFile section */
		D32AE081256ED9ED0067887C /* AppDelegate.swift in Sources */ = {isa = PBXBuildFile; fileRef = D32AE080256ED9ED0067887C /* AppDelegate.swift */; };
		D32AE083256ED9ED0067887C /* SceneDelegate.swift in Sources */ = {isa = PBXBuildFile; fileRef = D32AE082256ED9ED0067887C /* SceneDelegate.swift */; };
		D32AE088256ED9ED0067887C /* Main.storyboard in Resources */ = {isa = PBXBuildFile; fileRef = D32AE086256ED9ED0067887C /* Main.storyboard */; };
		D32AE08A256ED9F00067887C /* Assets.xcassets in Resources */ = {isa = PBXBuildFile; fileRef = D32AE089256ED9F00067887C /* Assets.xcassets */; };
		D32AE08D256ED9F00067887C /* LaunchScreen.storyboard in Resources */ = {isa = PBXBuildFile; fileRef = D32AE08B256ED9F00067887C /* LaunchScreen.storyboard */; };
		D32AE09A256EDAB10067887C /* MarketsViewController.swift in Sources */ = {isa = PBXBuildFile; fileRef = D32AE099256EDAB10067887C /* MarketsViewController.swift */; };
		D32AE09E256EDC320067887C /* LoginModel.swift in Sources */ = {isa = PBXBuildFile; fileRef = D32AE09D256EDC320067887C /* LoginModel.swift */; };
		D32AE0A9256EEA530067887C /* NetworkManager.swift in Sources */ = {isa = PBXBuildFile; fileRef = D32AE0A8256EEA530067887C /* NetworkManager.swift */; };
		D367E9D4256FFEFA00B1F798 /* MarketStateModel.swift in Sources */ = {isa = PBXBuildFile; fileRef = D367E9D3256FFEFA00B1F798 /* MarketStateModel.swift */; };
		D367E9D8257007A100B1F798 /* MarketsCell.swift in Sources */ = {isa = PBXBuildFile; fileRef = D367E9D7257007A100B1F798 /* MarketsCell.swift */; };
/* End PBXBuildFile section */

/* Begin PBXFileReference section */
		D32AE07D256ED9ED0067887C /* Nobitex.app */ = {isa = PBXFileReference; explicitFileType = wrapper.application; includeInIndex = 0; path = Nobitex.app; sourceTree = BUILT_PRODUCTS_DIR; };
		D32AE080256ED9ED0067887C /* AppDelegate.swift */ = {isa = PBXFileReference; lastKnownFileType = sourcecode.swift; path = AppDelegate.swift; sourceTree = "<group>"; };
		D32AE082256ED9ED0067887C /* SceneDelegate.swift */ = {isa = PBXFileReference; lastKnownFileType = sourcecode.swift; path = SceneDelegate.swift; sourceTree = "<group>"; };
		D32AE087256ED9ED0067887C /* Base */ = {isa = PBXFileReference; lastKnownFileType = file.storyboard; name = Base; path = Base.lproj/Main.storyboard; sourceTree = "<group>"; };
		D32AE089256ED9F00067887C /* Assets.xcassets */ = {isa = PBXFileReference; lastKnownFileType = folder.assetcatalog; path = Assets.xcassets; sourceTree = "<group>"; };
		D32AE08C256ED9F00067887C /* Base */ = {isa = PBXFileReference; lastKnownFileType = file.storyboard; name = Base; path = Base.lproj/LaunchScreen.storyboard; sourceTree = "<group>"; };
		D32AE08E256ED9F00067887C /* Info.plist */ = {isa = PBXFileReference; lastKnownFileType = text.plist.xml; path = Info.plist; sourceTree = "<group>"; };
		D32AE099256EDAB10067887C /* MarketsViewController.swift */ = {isa = PBXFileReference; lastKnownFileType = sourcecode.swift; path = MarketsViewController.swift; sourceTree = "<group>"; };
		D32AE09D256EDC320067887C /* LoginModel.swift */ = {isa = PBXFileReference; lastKnownFileType = sourcecode.swift; path = LoginModel.swift; sourceTree = "<group>"; };
		D32AE0A8256EEA530067887C /* NetworkManager.swift */ = {isa = PBXFileReference; lastKnownFileType = sourcecode.swift; path = NetworkManager.swift; sourceTree = "<group>"; };
		D367E9D3256FFEFA00B1F798 /* MarketStateModel.swift */ = {isa = PBXFileReference; lastKnownFileType = sourcecode.swift; path = MarketStateModel.swift; sourceTree = "<group>"; };
		D367E9D7257007A100B1F798 /* MarketsCell.swift */ = {isa = PBXFileReference; lastKnownFileType = sourcecode.swift; path = MarketsCell.swift; sourceTree = "<group>"; };
/* End PBXFileReference section */

/* Begin PBXFrameworksBuildPhase section */
		D32AE07A256ED9ED0067887C /* Frameworks */ = {
			isa = PBXFrameworksBuildPhase;
			buildActionMask = 2147483647;
			files = (
			);
			runOnlyForDeploymentPostprocessing = 0;
		};
/* End PBXFrameworksBuildPhase section */

/* Begin PBXGroup section */
		D32AE074256ED9ED0067887C = {
			isa = PBXGroup;
			children = (
				D32AE07F256ED9ED0067887C /* Nobitex */,
				D32AE07E256ED9ED0067887C /* Products */,
			);
			sourceTree = "<group>";
		};
		D32AE07E256ED9ED0067887C /* Products */ = {
			isa = PBXGroup;
			children = (
				D32AE07D256ED9ED0067887C /* Nobitex.app */,
			);
			name = Products;
			sourceTree = "<group>";
		};
		D32AE07F256ED9ED0067887C /* Nobitex */ = {
			isa = PBXGroup;
			children = (
				D32AE0A7256EEA430067887C /* Manager */,
				D32AE095256EDA740067887C /* Model */,
				D32AE096256EDA7A0067887C /* View */,
				D32AE097256EDA7E0067887C /* Controller */,
				D32AE080256ED9ED0067887C /* AppDelegate.swift */,
				D32AE082256ED9ED0067887C /* SceneDelegate.swift */,
				D32AE089256ED9F00067887C /* Assets.xcassets */,
				D32AE08B256ED9F00067887C /* LaunchScreen.storyboard */,
				D32AE08E256ED9F00067887C /* Info.plist */,
			);
			path = Nobitex;
			sourceTree = "<group>";
		};
		D32AE095256EDA740067887C /* Model */ = {
			isa = PBXGroup;
			children = (
				D32AE09D256EDC320067887C /* LoginModel.swift */,
				D367E9D3256FFEFA00B1F798 /* MarketStateModel.swift */,
			);
			path = Model;
			sourceTree = "<group>";
		};
		D32AE096256EDA7A0067887C /* View */ = {
			isa = PBXGroup;
			children = (
				D32AE086256ED9ED0067887C /* Main.storyboard */,
			);
			path = View;
			sourceTree = "<group>";
		};
		D32AE097256EDA7E0067887C /* Controller */ = {
			isa = PBXGroup;
			children = (
				D367E9D62570077900B1F798 /* Market */,
			);
			path = Controller;
			sourceTree = "<group>";
		};
		D32AE0A7256EEA430067887C /* Manager */ = {
			isa = PBXGroup;
			children = (
				D32AE0A8256EEA530067887C /* NetworkManager.swift */,
			);
			path = Manager;
			sourceTree = "<group>";
		};
		D367E9D62570077900B1F798 /* Market */ = {
			isa = PBXGroup;
			children = (
				D32AE099256EDAB10067887C /* MarketsViewController.swift */,
				D367E9D7257007A100B1F798 /* MarketsCell.swift */,
			);
			path = Market;
			sourceTree = "<group>";
		};
/* End PBXGroup section */

/* Begin PBXNativeTarget section */
		D32AE07C256ED9ED0067887C /* Nobitex */ = {
			isa = PBXNativeTarget;
			buildConfigurationList = D32AE091256ED9F00067887C /* Build configuration list for PBXNativeTarget "Nobitex" */;
			buildPhases = (
				D32AE079256ED9ED0067887C /* Sources */,
				D32AE07A256ED9ED0067887C /* Frameworks */,
				D32AE07B256ED9ED0067887C /* Resources */,
			);
			buildRules = (
			);
			dependencies = (
			);
			name = Nobitex;
			productName = Nobitex;
			productReference = D32AE07D256ED9ED0067887C /* Nobitex.app */;
			productType = "com.apple.product-type.application";
		};
/* End PBXNativeTarget section */

/* Begin PBXProject section */
		D32AE075256ED9ED0067887C /* Project object */ = {
			isa = PBXProject;
			attributes = {
				LastSwiftUpdateCheck = 1220;
				LastUpgradeCheck = 1220;
				TargetAttributes = {
					D32AE07C256ED9ED0067887C = {
						CreatedOnToolsVersion = 12.2;
					};
				};
			};
			buildConfigurationList = D32AE078256ED9ED0067887C /* Build configuration list for PBXProject "Nobitex" */;
			compatibilityVersion = "Xcode 9.3";
			developmentRegion = en;
			hasScannedForEncodings = 0;
			knownRegions = (
				en,
				Base,
			);
			mainGroup = D32AE074256ED9ED0067887C;
			productRefGroup = D32AE07E256ED9ED0067887C /* Products */;
			projectDirPath = "";
			projectRoot = "";
			targets = (
				D32AE07C256ED9ED0067887C /* Nobitex */,
			);
		};
/* End PBXProject section */

/* Begin PBXResourcesBuildPhase section */
		D32AE07B256ED9ED0067887C /* Resources */ = {
			isa = PBXResourcesBuildPhase;
			buildActionMask = 2147483647;
			files = (
				D32AE08D256ED9F00067887C /* LaunchScreen.storyboard in Resources */,
				D32AE08A256ED9F00067887C /* Assets.xcassets in Resources */,
				D32AE088256ED9ED0067887C /* Main.storyboard in Resources */,
			);
			runOnlyForDeploymentPostprocessing = 0;
		};
/* End PBXResourcesBuildPhase section */

/* Begin PBXSourcesBuildPhase section */
		D32AE079256ED9ED0067887C /* Sources */ = {
			isa = PBXSourcesBuildPhase;
			buildActionMask = 2147483647;
			files = (
				D32AE081256ED9ED0067887C /* AppDelegate.swift in Sources */,
				D32AE09E256EDC320067887C /* LoginModel.swift in Sources */,
				D32AE0A9256EEA530067887C /* NetworkManager.swift in Sources */,
				D367E9D8257007A100B1F798 /* MarketsCell.swift in Sources */,
				D367E9D4256FFEFA00B1F798 /* MarketStateModel.swift in Sources */,
				D32AE09A256EDAB10067887C /* MarketsViewController.swift in Sources */,
				D32AE083256ED9ED0067887C /* SceneDelegate.swift in Sources */,
			);
			runOnlyForDeploymentPostprocessing = 0;
		};
/* End PBXSourcesBuildPhase section */

/* Begin PBXVariantGroup section */
		D32AE086256ED9ED0067887C /* Main.storyboard */ = {
			isa = PBXVariantGroup;
			children = (
				D32AE087256ED9ED0067887C /* Base */,
			);
			name = Main.storyboard;
			sourceTree = "<group>";
		};
		D32AE08B256ED9F00067887C /* LaunchScreen.storyboard */ = {
			isa = PBXVariantGroup;
			children = (
				D32AE08C256ED9F00067887C /* Base */,
			);
			name = LaunchScreen.storyboard;
			sourceTree = "<group>";
		};
/* End PBXVariantGroup section */

/* Begin XCBuildConfiguration section */
		D32AE08F256ED9F00067887C /* Debug */ = {
			isa = XCBuildConfiguration;
			buildSettings = {
				ALWAYS_SEARCH_USER_PATHS = NO;
				CLANG_ANALYZER_NONNULL = YES;
				CLANG_ANALYZER_NUMBER_OBJECT_CONVERSION = YES_AGGRESSIVE;
				CLANG_CXX_LANGUAGE_STANDARD = "gnu++14";
				CLANG_CXX_LIBRARY = "libc++";
				CLANG_ENABLE_MODULES = YES;
				CLANG_ENABLE_OBJC_ARC = YES;
				CLANG_ENABLE_OBJC_WEAK = YES;
				CLANG_WARN_BLOCK_CAPTURE_AUTORELEASING = YES;
				CLANG_WARN_BOOL_CONVERSION = YES;
				CLANG_WARN_COMMA = YES;
				CLANG_WARN_CONSTANT_CONVERSION = YES;
				CLANG_WARN_DEPRECATED_OBJC_IMPLEMENTATIONS = YES;
				CLANG_WARN_DIRECT_OBJC_ISA_USAGE = YES_ERROR;
				CLANG_WARN_DOCUMENTATION_COMMENTS = YES;
				CLANG_WARN_EMPTY_BODY = YES;
				CLANG_WARN_ENUM_CONVERSION = YES;
				CLANG_WARN_INFINITE_RECURSION = YES;
				CLANG_WARN_INT_CONVERSION = YES;
				CLANG_WARN_NON_LITERAL_NULL_CONVERSION = YES;
				CLANG_WARN_OBJC_IMPLICIT_RETAIN_SELF = YES;
				CLANG_WARN_OBJC_LITERAL_CONVERSION = YES;
				CLANG_WARN_OBJC_ROOT_CLASS = YES_ERROR;
				CLANG_WARN_QUOTED_INCLUDE_IN_FRAMEWORK_HEADER = YES;
				CLANG_WARN_RANGE_LOOP_ANALYSIS = YES;
				CLANG_WARN_STRICT_PROTOTYPES = YES;
				CLANG_WARN_SUSPICIOUS_MOVE = YES;
				CLANG_WARN_UNGUARDED_AVAILABILITY = YES_AGGRESSIVE;
				CLANG_WARN_UNREACHABLE_CODE = YES;
				CLANG_WARN__DUPLICATE_METHOD_MATCH = YES;
				COPY_PHASE_STRIP = NO;
				DEBUG_INFORMATION_FORMAT = dwarf;
				ENABLE_STRICT_OBJC_MSGSEND = YES;
				ENABLE_TESTABILITY = YES;
				GCC_C_LANGUAGE_STANDARD = gnu11;
				GCC_DYNAMIC_NO_PIC = NO;
				GCC_NO_COMMON_BLOCKS = YES;
				GCC_OPTIMIZATION_LEVEL = 0;
				GCC_PREPROCESSOR_DEFINITIONS = (
					"DEBUG=1",
					"$(inherited)",
				);
				GCC_WARN_64_TO_32_BIT_CONVERSION = YES;
				GCC_WARN_ABOUT_RETURN_TYPE = YES_ERROR;
				GCC_WARN_UNDECLARED_SELECTOR = YES;
				GCC_WARN_UNINITIALIZED_AUTOS = YES_AGGRESSIVE;
				GCC_WARN_UNUSED_FUNCTION = YES;
				GCC_WARN_UNUSED_VARIABLE = YES;
				IPHONEOS_DEPLOYMENT_TARGET = 14.2;
				MTL_ENABLE_DEBUG_INFO = INCLUDE_SOURCE;
				MTL_FAST_MATH = YES;
				ONLY_ACTIVE_ARCH = YES;
				SDKROOT = iphoneos;
				SWIFT_ACTIVE_COMPILATION_CONDITIONS = DEBUG;
				SWIFT_OPTIMIZATION_LEVEL = "-Onone";
			};
			name = Debug;
		};
		D32AE090256ED9F00067887C /* Release */ = {
			isa = XCBuildConfiguration;
			buildSettings = {
				ALWAYS_SEARCH_USER_PATHS = NO;
				CLANG_ANALYZER_NONNULL = YES;
				CLANG_ANALYZER_NUMBER_OBJECT_CONVERSION = YES_AGGRESSIVE;
				CLANG_CXX_LANGUAGE_STANDARD = "gnu++14";
				CLANG_CXX_LIBRARY = "libc++";
				CLANG_ENABLE_MODULES = YES;
				CLANG_ENABLE_OBJC_ARC = YES;
				CLANG_ENABLE_OBJC_WEAK = YES;
				CLANG_WARN_BLOCK_CAPTURE_AUTORELEASING = YES;
				CLANG_WARN_BOOL_CONVERSION = YES;
				CLANG_WARN_COMMA = YES;
				CLANG_WARN_CONSTANT_CONVERSION = YES;
				CLANG_WARN_DEPRECATED_OBJC_IMPLEMENTATIONS = YES;
				CLANG_WARN_DIRECT_OBJC_ISA_USAGE = YES_ERROR;
				CLANG_WARN_DOCUMENTATION_COMMENTS = YES;
				CLANG_WARN_EMPTY_BODY = YES;
				CLANG_WARN_ENUM_CONVERSION = YES;
				CLANG_WARN_INFINITE_RECURSION = YES;
				CLANG_WARN_INT_CONVERSION = YES;
				CLANG_WARN_NON_LITERAL_NULL_CONVERSION = YES;
				CLANG_WARN_OBJC_IMPLICIT_RETAIN_SELF = YES;
				CLANG_WARN_OBJC_LITERAL_CONVERSION = YES;
				CLANG_WARN_OBJC_ROOT_CLASS = YES_ERROR;
				CLANG_WARN_QUOTED_INCLUDE_IN_FRAMEWORK_HEADER = YES;
				CLANG_WARN_RANGE_LOOP_ANALYSIS = YES;
				CLANG_WARN_STRICT_PROTOTYPES = YES;
				CLANG_WARN_SUSPICIOUS_MOVE = YES;
				CLANG_WARN_UNGUARDED_AVAILABILITY = YES_AGGRESSIVE;
				CLANG_WARN_UNREACHABLE_CODE = YES;
				CLANG_WARN__DUPLICATE_METHOD_MATCH = YES;
				COPY_PHASE_STRIP = NO;
				DEBUG_INFORMATION_FORMAT = "dwarf-with-dsym";
				ENABLE_NS_ASSERTIONS = NO;
				ENABLE_STRICT_OBJC_MSGSEND = YES;
				GCC_C_LANGUAGE_STANDARD = gnu11;
				GCC_NO_COMMON_BLOCKS = YES;
				GCC_WARN_64_TO_32_BIT_CONVERSION = YES;
				GCC_WARN_ABOUT_RETURN_TYPE = YES_ERROR;
				GCC_WARN_UNDECLARED_SELECTOR = YES;
				GCC_WARN_UNINITIALIZED_AUTOS = YES_AGGRESSIVE;
				GCC_WARN_UNUSED_FUNCTION = YES;
				GCC_WARN_UNUSED_VARIABLE = YES;
				IPHONEOS_DEPLOYMENT_TARGET = 14.2;
				MTL_ENABLE_DEBUG_INFO = NO;
				MTL_FAST_MATH = YES;
				SDKROOT = iphoneos;
				SWIFT_COMPILATION_MODE = wholemodule;
				SWIFT_OPTIMIZATION_LEVEL = "-O";
				VALIDATE_PRODUCT = YES;
			};
			name = Release;
		};
		D32AE092256ED9F00067887C /* Debug */ = {
			isa = XCBuildConfiguration;
			buildSettings = {
				ASSETCATALOG_COMPILER_APPICON_NAME = AppIcon;
				ASSETCATALOG_COMPILER_GLOBAL_ACCENT_COLOR_NAME = AccentColor;
				CODE_SIGN_STYLE = Automatic;
				DEVELOPMENT_TEAM = T7A2MH6YNP;
				INFOPLIST_FILE = Nobitex/Info.plist;
				LD_RUNPATH_SEARCH_PATHS = (
					"$(inherited)",
					"@executable_path/Frameworks",
				);
				PRODUCT_BUNDLE_IDENTIFIER = com.sinarabiei.Nobitex;
				PRODUCT_NAME = "$(TARGET_NAME)";
				SWIFT_VERSION = 5.0;
				TARGETED_DEVICE_FAMILY = "1,2";
			};
			name = Debug;
		};
		D32AE093256ED9F00067887C /* Release */ = {
			isa = XCBuildConfiguration;
			buildSettings = {
				ASSETCATALOG_COMPILER_APPICON_NAME = AppIcon;
				ASSETCATALOG_COMPILER_GLOBAL_ACCENT_COLOR_NAME = AccentColor;
				CODE_SIGN_STYLE = Automatic;
				DEVELOPMENT_TEAM = T7A2MH6YNP;
				INFOPLIST_FILE = Nobitex/Info.plist;
				LD_RUNPATH_SEARCH_PATHS = (
					"$(inherited)",
					"@executable_path/Frameworks",
				);
				PRODUCT_BUNDLE_IDENTIFIER = com.sinarabiei.Nobitex;
				PRODUCT_NAME = "$(TARGET_NAME)";
				SWIFT_VERSION = 5.0;
				TARGETED_DEVICE_FAMILY = "1,2";
			};
			name = Release;
		};
/* End XCBuildConfiguration section */

/* Begin XCConfigurationList section */
		D32AE078256ED9ED0067887C /* Build configuration list for PBXProject "Nobitex" */ = {
			isa = XCConfigurationList;
			buildConfigurations = (
				D32AE08F256ED9F00067887C /* Debug */,
				D32AE090256ED9F00067887C /* Release */,
			);
			defaultConfigurationIsVisible = 0;
			defaultConfigurationName = Release;
		};
		D32AE091256ED9F00067887C /* Build configuration list for PBXNativeTarget "Nobitex" */ = {
			isa = XCConfigurationList;
			buildConfigurations = (
				D32AE092256ED9F00067887C /* Debug */,
				D32AE093256ED9F00067887C /* Release */,
			);
			defaultConfigurationIsVisible = 0;
			defaultConfigurationName = Release;
		};
/* End XCConfigurationList section */
	};
	rootObject = D32AE075256ED9ED0067887C /* Project object */;
}
